lockfileVersion: '9.0'

settings:
  autoInstallPeers: true
  excludeLinksFromLockfile: false

importers:

  .:
    dependencies:
      '@fontsource-variable/caveat':
        specifier: ^5.3.0
        version: 5.3.0
      '@fontsource/patrick-hand':
        specifier: ^5.3.0
        version: 5.3.0
      '@fontsource/poiret-one':
        specifier: ^5.3.0
        version: 5.3.0

packages:

  '@fontsource-variable/caveat@5.3.0':
    resolution: {integrity: sha512-Q3mjghoYIlXgwqBPJKZ4q6f3zu921Gq7UU76r9Z+NAmhapHfX130GIFpOCYf8vt2SIcgCi9RHDT7anfJKg/kiA==}

  '@fontsource/patrick-hand@5.3.0':
    resolution: {integrity: sha512-V8C38IlIFfdWg0Xtri3F7sLCVpm069rUwn6w4n+oyn38gt7H4arOJmuReg3tAw1Q6jHqZp89wTnAAJagq4Atxw==}

  '@fontsource/poiret-one@5.3.0':
    resolution: {integrity: sha512-nCAUIB6f5805lUG7t0ES0W0YhJHcKa2EPlafb7/0AU1W/V4tQvmoSbwNNUnt6nVIagvyStxLG5nzqMptQ3FCgQ==}

snapshots:

  '@fontsource-variable/caveat@5.3.0': {}

  '@fontsource/patrick-hand@5.3.0': {}

  '@fontsource/poiret-one@5.3.0': {}
